
Microsoft Visual Studio Solution File, Format Version 12.00
# Visual Studio Version 16
VisualStudioVersion = 16.0.30002.166
MinimumVisualStudioVersion = 10.0.40219.1
Project("{FAE04EC0-301F-11D3-BF4B-00C04F79EFBC}") = "Workbench", "Workbench\Workbench.csproj", "{4EF2330B-1A53-4A98-B9DD-23179DD67CEF}"
EndProject
Global
	GlobalSection(SolutionConfigurationPlatforms) = preSolution
		Debug|Any CPU = Debug|Any CPU
		Release|Any CPU = Release|Any CPU
	EndGlobalSection
	GlobalSection(ProjectConfigurationPlatforms) = postSolution
		{4EF2330B-1A53-4A98-B9DD-23179DD67CEF}.Debug|Any CPU.ActiveCfg = Debug|Any CPU
		{4EF2330B-1A53-4A98-B9DD-23179DD67CEF}.Debug|Any CPU.Build.0 = Debug|Any CPU
		{4EF2330B-1A53-4A98-B9DD-23179DD67CEF}.Release|Any CPU.ActiveCfg = Release|Any CPU
		{4EF2330B-1A53-4A98-B9DD-23179DD67CEF}.Release|Any CPU.Build.0 = Release|Any CPU
	EndGlobalSection
	GlobalSection(SolutionProperties) = preSolution
		HideSolutionNode = FALSE
	EndGlobalSection
	GlobalSection(ExtensibilityGlobals) = postSolution
		SolutionGuid = {A2D6F8B2-0233-4B73-8483-1EF95DCD3433}
	EndGlobalSection
EndGlobal
